
Microsoft Visual Studio Solution File, Format Version 12.00
# Visual Studio Version 17
VisualStudioVersion = 17.1.32421.90
MinimumVisualStudioVersion = 10.0.40219.1
Project("{888888A0-9F3D-457C-B088-3A5042F75D52}") = "PythonSnake", "PythonApplication1\PythonSnake.pyproj", "{198AC652-64A3-4CBC-9257-DB891CF2382A}"
EndProject
Global
	GlobalSection(SolutionConfigurationPlatforms) = preSolution
		Debug|Any CPU = Debug|Any CPU
		Release|Any CPU = Release|Any CPU
	EndGlobalSection
	GlobalSection(ProjectConfigurationPlatforms) = postSolution
		{198AC652-64A3-4CBC-9257-DB891CF2382A}.Debug|Any CPU.ActiveCfg = Debug|Any CPU
		{198AC652-64A3-4CBC-9257-DB891CF2382A}.Release|Any CPU.ActiveCfg = Release|Any CPU
	EndGlobalSection
	GlobalSection(SolutionProperties) = preSolution
		HideSolutionNode = FALSE
	EndGlobalSection
	GlobalSection(ExtensibilityGlobals) = postSolution
		SolutionGuid = {98BF1E11-4F00-4128-8B45-B5D5A791EB82}
	EndGlobalSection
EndGlobal
